# @generated by Move, please check-in and do not edit manually.

[move]
version = 3
manifest_digest = "D9B641B3C3FA86C6F6B8B869703C90037604EC58C15B6401FE6FDA3F7AB873EE"
deps_digest = "F8BBB0CCB2491CA29A3DF03D6F92277A4F3574266507ACD77214D37ECA3F3082"
dependencies = [
  { id = "Sui", name = "Sui" },
]

[[move.package]]
id = "MoveStdlib"
source = { git = "https://github.com/MystenLabs/sui.git", rev = "framework/testnet", subdir = "crates/sui-framework/packages/move-stdlib" }

[[move.package]]
id = "Sui"
source = { git = "https://github.com/MystenLabs/sui.git", rev = "framework/testnet", subdir = "crates/sui-framework/packages/sui-framework" }

dependencies = [
  { id = "MoveStdlib", name = "MoveStdlib" },
]

[move.toolchain-version]
compiler-version = "1.56.2"
edition = "2024.beta"
flavor = "sui"

[env]

[env.testnet]
chain-id = "4c78adac"
original-published-id = "0x6275774ee252f7d89bc7851da13b54477e7111bf5e8e6a1e211e357ebdef8789"
latest-published-id = "0x6275774ee252f7d89bc7851da13b54477e7111bf5e8e6a1e211e357ebdef8789"
published-version = "1"
